// !$*UTF8*$!
{
	archiveVersion = 1;
	classes = {
	};
	objectVersion = 46;
	objects = {

/* Begin PBXBuildFile section */
		BB0868251D9FFF560044A23B /* AppDelegate.swift in Sources */ = {isa = PBXBuildFile; fileRef = BB0868241D9FFF560044A23B /* AppDelegate.swift */; };
		BB0868271D9FFF560044A23B /* ViewController.swift in Sources */ = {isa = PBXBuildFile; fileRef = BB0868261D9FFF560044A23B /* ViewController.swift */; };
		BB08682A1D9FFF560044A23B /* Main.storyboard in Resources */ = {isa = PBXBuildFile; fileRef = BB0868281D9FFF560044A23B /* Main.storyboard */; };
		BB08682C1D9FFF560044A23B /* Assets.xcassets in Resources */ = {isa = PBXBuildFile; fileRef = BB08682B1D9FFF560044A23B /* Assets.xcassets */; };
		BB08682F1D9FFF560044A23B /* LaunchScreen.storyboard in Resources */ = {isa = PBXBuildFile; fileRef = BB08682D1D9FFF560044A23B /* LaunchScreen.storyboard */; };
		BB385C9A1DB25A1E00253038 /* RealmSwift.framework in Frameworks */ = {isa = PBXBuildFile; fileRef = BB385C991DB25A1E00253038 /* RealmSwift.framework */; };
		BB385C9C1DB25BD000253038 /* Realm.framework in Frameworks */ = {isa = PBXBuildFile; fileRef = BB385C9B1DB25BD000253038 /* Realm.framework */; };
		BB385C9E1DB25C1200253038 /* Realm.framework in CopyFiles */ = {isa = PBXBuildFile; fileRef = BB385C9B1DB25BD000253038 /* Realm.framework */; settings = {ATTRIBUTES = (CodeSignOnCopy, RemoveHeadersOnCopy, ); }; };
		BB385C9F1DB25C1700253038 /* RealmSwift.framework in CopyFiles */ = {isa = PBXBuildFile; fileRef = BB385C991DB25A1E00253038 /* RealmSwift.framework */; settings = {ATTRIBUTES = (CodeSignOnCopy, RemoveHeadersOnCopy, ); }; };
		BB4B9E511DAB13F400F89784 /* Multithread.swift in Sources */ = {isa = PBXBuildFile; fileRef = BB4B9E501DAB13F400F89784 /* Multithread.swift */; };
		BB4B9E531DAB18DD00F89784 /* MagnificationViewController.swift in Sources */ = {isa = PBXBuildFile; fileRef = BB4B9E521DAB18DD00F89784 /* MagnificationViewController.swift */; };
		BB4B9E571DAB85CF00F89784 /* MagnificationCell.swift in Sources */ = {isa = PBXBuildFile; fileRef = BB4B9E561DAB85CF00F89784 /* MagnificationCell.swift */; };
		BB4FFBB11E8806D60053C51A /* TextField.swift in Sources */ = {isa = PBXBuildFile; fileRef = BB4FFBB01E8806D60053C51A /* TextField.swift */; };
		BB4FFBB41E882FF80053C51A /* TableDataSource.swift in Sources */ = {isa = PBXBuildFile; fileRef = BB4FFBB31E882FF80053C51A /* TableDataSource.swift */; };
		BB4FFBB61E8830520053C51A /* TableDelegate.swift in Sources */ = {isa = PBXBuildFile; fileRef = BB4FFBB51E8830520053C51A /* TableDelegate.swift */; };
		BB4FFBBC1E8832EF0053C51A /* SearchBar.swift in Sources */ = {isa = PBXBuildFile; fileRef = BB4FFBBB1E8832EF0053C51A /* SearchBar.swift */; };
		BB5B6D451E874019008EE508 /* Label.swift in Sources */ = {isa = PBXBuildFile; fileRef = BB5B6D441E874018008EE508 /* Label.swift */; };
		BB5B6D471E8746AA008EE508 /* Button.swift in Sources */ = {isa = PBXBuildFile; fileRef = BB5B6D461E8746AA008EE508 /* Button.swift */; };
/* End PBXBuildFile section */

/* Begin PBXCopyFilesBuildPhase section */
		BB385C9D1DB25C0500253038 /* CopyFiles */ = {
			isa = PBXCopyFilesBuildPhase;
			buildActionMask = 2147483647;
			dstPath = "";
			dstSubfolderSpec = 10;
			files = (
				BB385C9F1DB25C1700253038 /* RealmSwift.framework in CopyFiles */,
				BB385C9E1DB25C1200253038 /* Realm.framework in CopyFiles */,
			);
			runOnlyForDeploymentPostprocessing = 0;
		};
/* End PBXCopyFilesBuildPhase section */

/* Begin PBXFileReference section */
		24CA6879723659939093F82C /* Pods_RealmSample.framework */ = {isa = PBXFileReference; explicitFileType = wrapper.framework; includeInIndex = 0; path = Pods_RealmSample.framework; sourceTree = BUILT_PRODUCTS_DIR; };
		BB0868211D9FFF560044A23B /* RealmSample.app */ = {isa = PBXFileReference; explicitFileType = wrapper.application; includeInIndex = 0; path = RealmSample.app; sourceTree = BUILT_PRODUCTS_DIR; };
		BB0868241D9FFF560044A23B /* AppDelegate.swift */ = {isa = PBXFileReference; lastKnownFileType = sourcecode.swift; path = AppDelegate.swift; sourceTree = "<group>"; };
		BB0868261D9FFF560044A23B /* ViewController.swift */ = {isa = PBXFileReference; lastKnownFileType = sourcecode.swift; path = ViewController.swift; sourceTree = "<group>"; };
		BB0868291D9FFF560044A23B /* Base */ = {isa = PBXFileReference; lastKnownFileType = file.storyboard; name = Base; path = Base.lproj/Main.storyboard; sourceTree = "<group>"; };
		BB08682B1D9FFF560044A23B /* Assets.xcassets */ = {isa = PBXFileReference; lastKnownFileType = folder.assetcatalog; path = Assets.xcassets; sourceTree = "<group>"; };
		BB08682E1D9FFF560044A23B /* Base */ = {isa = PBXFileReference; lastKnownFileType = file.storyboard; name = Base; path = Base.lproj/LaunchScreen.storyboard; sourceTree = "<group>"; };
		BB0868301D9FFF560044A23B /* Info.plist */ = {isa = PBXFileReference; lastKnownFileType = text.plist.xml; path = Info.plist; sourceTree = "<group>"; };
		BB385C971DB25A0C00253038 /* Cartfile */ = {isa = PBXFileReference; lastKnownFileType = text; path = Cartfile; sourceTree = "<group>"; };
		BB385C991DB25A1E00253038 /* RealmSwift.framework */ = {isa = PBXFileReference; lastKnownFileType = wrapper.framework; name = RealmSwift.framework; path = Carthage/Build/iOS/RealmSwift.framework; sourceTree = "<group>"; };
		BB385C9B1DB25BD000253038 /* Realm.framework */ = {isa = PBXFileReference; lastKnownFileType = wrapper.framework; name = Realm.framework; path = Carthage/Build/iOS/Realm.framework; sourceTree = "<group>"; };
		BB4B9E501DAB13F400F89784 /* Multithread.swift */ = {isa = PBXFileReference; fileEncoding = 4; lastKnownFileType = sourcecode.swift; path = Multithread.swift; sourceTree = "<group>"; };
		BB4B9E521DAB18DD00F89784 /* MagnificationViewController.swift */ = {isa = PBXFileReference; fileEncoding = 4; lastKnownFileType = sourcecode.swift; path = MagnificationViewController.swift; sourceTree = "<group>"; };
		BB4B9E561DAB85CF00F89784 /* MagnificationCell.swift */ = {isa = PBXFileReference; fileEncoding = 4; lastKnownFileType = sourcecode.swift; path = MagnificationCell.swift; sourceTree = "<group>"; };
		BB4FFBB01E8806D60053C51A /* TextField.swift */ = {isa = PBXFileReference; fileEncoding = 4; lastKnownFileType = sourcecode.swift; path = TextField.swift; sourceTree = "<group>"; };
		BB4FFBB31E882FF80053C51A /* TableDataSource.swift */ = {isa = PBXFileReference; fileEncoding = 4; lastKnownFileType = sourcecode.swift; path = TableDataSource.swift; sourceTree = "<group>"; };
		BB4FFBB51E8830520053C51A /* TableDelegate.swift */ = {isa = PBXFileReference; fileEncoding = 4; lastKnownFileType = sourcecode.swift; path = TableDelegate.swift; sourceTree = "<group>"; };
		BB4FFBBB1E8832EF0053C51A /* SearchBar.swift */ = {isa = PBXFileReference; fileEncoding = 4; lastKnownFileType = sourcecode.swift; path = SearchBar.swift; sourceTree = "<group>"; };
		BB5B6D441E874018008EE508 /* Label.swift */ = {isa = PBXFileReference; fileEncoding = 4; lastKnownFileType = sourcecode.swift; path = Label.swift; sourceTree = "<group>"; };
		BB5B6D461E8746AA008EE508 /* Button.swift */ = {isa = PBXFileReference; fileEncoding = 4; lastKnownFileType = sourcecode.swift; path = Button.swift; sourceTree = "<group>"; };
/* End PBXFileReference section */

/* Begin PBXFrameworksBuildPhase section */
		BB08681E1D9FFF560044A23B /* Frameworks */ = {
			isa = PBXFrameworksBuildPhase;
			buildActionMask = 2147483647;
			files = (
				BB385C9C1DB25BD000253038 /* Realm.framework in Frameworks */,
				BB385C9A1DB25A1E00253038 /* RealmSwift.framework in Frameworks */,
			);
			runOnlyForDeploymentPostprocessing = 0;
		};
/* End PBXFrameworksBuildPhase section */

/* Begin PBXGroup section */
		157E2620345369DA490D5EAE /* Frameworks */ = {
			isa = PBXGroup;
			children = (
				BB385C9B1DB25BD000253038 /* Realm.framework */,
				BB385C991DB25A1E00253038 /* RealmSwift.framework */,
				BB385C971DB25A0C00253038 /* Cartfile */,
				24CA6879723659939093F82C /* Pods_RealmSample.framework */,
			);
			name = Frameworks;
			sourceTree = "<group>";
		};
		BB0868181D9FFF560044A23B = {
			isa = PBXGroup;
			children = (
				BB0868231D9FFF560044A23B /* RealmSample */,
				BB0868221D9FFF560044A23B /* Products */,
				157E2620345369DA490D5EAE /* Frameworks */,
			);
			sourceTree = "<group>";
		};
		BB0868221D9FFF560044A23B /* Products */ = {
			isa = PBXGroup;
			children = (
				BB0868211D9FFF560044A23B /* RealmSample.app */,
			);
			name = Products;
			sourceTree = "<group>";
		};
		BB0868231D9FFF560044A23B /* RealmSample */ = {
			isa = PBXGroup;
			children = (
				BB4FFBB91E8832850053C51A /* Util */,
				BB4FFBB81E88320B0053C51A /* ViewController */,
				BB4FFBB71E88315C0053C51A /* Cell */,
				BB4FFBAF1E8804E00053C51A /* UI */,
				BB0868241D9FFF560044A23B /* AppDelegate.swift */,
				BB0868281D9FFF560044A23B /* Main.storyboard */,
				BB08682B1D9FFF560044A23B /* Assets.xcassets */,
				BB08682D1D9FFF560044A23B /* LaunchScreen.storyboard */,
				BB0868301D9FFF560044A23B /* Info.plist */,
			);
			path = RealmSample;
			sourceTree = "<group>";
		};
		BB4FFBAF1E8804E00053C51A /* UI */ = {
			isa = PBXGroup;
			children = (
				BB5B6D441E874018008EE508 /* Label.swift */,
				BB5B6D461E8746AA008EE508 /* Button.swift */,
				BB4FFBB01E8806D60053C51A /* TextField.swift */,
			);
			name = UI;
			sourceTree = "<group>";
		};
		BB4FFBB21E882FD70053C51A /* TableView */ = {
			isa = PBXGroup;
			children = (
				BB4FFBB31E882FF80053C51A /* TableDataSource.swift */,
				BB4FFBB51E8830520053C51A /* TableDelegate.swift */,
			);
			name = TableView;
			sourceTree = "<group>";
		};
		BB4FFBB71E88315C0053C51A /* Cell */ = {
			isa = PBXGroup;
			children = (
				BB4B9E561DAB85CF00F89784 /* MagnificationCell.swift */,
			);
			name = Cell;
			sourceTree = "<group>";
		};
		BB4FFBB81E88320B0053C51A /* ViewController */ = {
			isa = PBXGroup;
			children = (
				BB0868261D9FFF560044A23B /* ViewController.swift */,
				BB4B9E521DAB18DD00F89784 /* MagnificationViewController.swift */,
				BB4FFBBA1E8832D10053C51A /* SearchBar */,
				BB4FFBB21E882FD70053C51A /* TableView */,
			);
			name = ViewController;
			sourceTree = "<group>";
		};
		BB4FFBB91E8832850053C51A /* Util */ = {
			isa = PBXGroup;
			children = (
				BB4B9E501DAB13F400F89784 /* Multithread.swift */,
			);
			name = Util;
			sourceTree = "<group>";
		};
		BB4FFBBA1E8832D10053C51A /* SearchBar */ = {
			isa = PBXGroup;
			children = (
				BB4FFBBB1E8832EF0053C51A /* SearchBar.swift */,
			);
			name = SearchBar;
			sourceTree = "<group>";
		};
/* End PBXGroup section */

/* Begin PBXNativeTarget section */
		BB0868201D9FFF560044A23B /* RealmSample */ = {
			isa = PBXNativeTarget;
			buildConfigurationList = BB0868331D9FFF560044A23B /* Build configuration list for PBXNativeTarget "RealmSample" */;
			buildPhases = (
				BB08681D1D9FFF560044A23B /* Sources */,
				BB08681E1D9FFF560044A23B /* Frameworks */,
				BB08681F1D9FFF560044A23B /* Resources */,
				BB385C961DB259D400253038 /* ShellScript */,
				BB385C9D1DB25C0500253038 /* CopyFiles */,
			);
			buildRules = (
			);
			dependencies = (
			);
			name = RealmSample;
			productName = RealmSample;
			productReference = BB0868211D9FFF560044A23B /* RealmSample.app */;
			productType = "com.apple.product-type.application";
		};
/* End PBXNativeTarget section */

/* Begin PBXProject section */
		BB0868191D9FFF560044A23B /* Project object */ = {
			isa = PBXProject;
			attributes = {
				LastSwiftUpdateCheck = 0800;
				LastUpgradeCheck = 0800;
				ORGANIZATIONNAME = "永田大祐";
				TargetAttributes = {
					BB0868201D9FFF560044A23B = {
						CreatedOnToolsVersion = 8.0;
						DevelopmentTeam = B3ZKJZUE9E;
						LastSwiftMigration = 0800;
						ProvisioningStyle = Automatic;
					};
				};
			};
			buildConfigurationList = BB08681C1D9FFF560044A23B /* Build configuration list for PBXProject "RealmSample" */;
			compatibilityVersion = "Xcode 3.2";
			developmentRegion = English;
			hasScannedForEncodings = 0;
			knownRegions = (
				en,
				Base,
			);
			mainGroup = BB0868181D9FFF560044A23B;
			productRefGroup = BB0868221D9FFF560044A23B /* Products */;
			projectDirPath = "";
			projectRoot = "";
			targets = (
				BB0868201D9FFF560044A23B /* RealmSample */,
			);
		};
/* End PBXProject section */

/* Begin PBXResourcesBuildPhase section */
		BB08681F1D9FFF560044A23B /* Resources */ = {
			isa = PBXResourcesBuildPhase;
			buildActionMask = 2147483647;
			files = (
				BB08682F1D9FFF560044A23B /* LaunchScreen.storyboard in Resources */,
				BB08682C1D9FFF560044A23B /* Assets.xcassets in Resources */,
				BB08682A1D9FFF560044A23B /* Main.storyboard in Resources */,
			);
			runOnlyForDeploymentPostprocessing = 0;
		};
/* End PBXResourcesBuildPhase section */

/* Begin PBXShellScriptBuildPhase section */
		BB385C961DB259D400253038 /* ShellScript */ = {
			isa = PBXShellScriptBuildPhase;
			buildActionMask = 8;
			files = (
			);
			inputPaths = (
				"$(SRCROOT)/Carthage/Build/iOS/RealmSwift.framework",
				"$(SRCROOT)/Carthage/Build/iOS/Realm.framework",
			);
			outputPaths = (
			);
			runOnlyForDeploymentPostprocessing = 1;
			shellPath = /bin/sh;
			shellScript = "/usr/local/bin/carthage copy-frameworks";
		};
/* End PBXShellScriptBuildPhase section */

/* Begin PBXSourcesBuildPhase section */
		BB08681D1D9FFF560044A23B /* Sources */ = {
			isa = PBXSourcesBuildPhase;
			buildActionMask = 2147483647;
			files = (
				BB5B6D471E8746AA008EE508 /* Button.swift in Sources */,
				BB4B9E531DAB18DD00F89784 /* MagnificationViewController.swift in Sources */,
				BB0868271D9FFF560044A23B /* ViewController.swift in Sources */,
				BB4FFBB11E8806D60053C51A /* TextField.swift in Sources */,
				BB0868251D9FFF560044A23B /* AppDelegate.swift in Sources */,
				BB4B9E571DAB85CF00F89784 /* MagnificationCell.swift in Sources */,
				BB4B9E511DAB13F400F89784 /* Multithread.swift in Sources */,
				BB4FFBB61E8830520053C51A /* TableDelegate.swift in Sources */,
				BB4FFBB41E882FF80053C51A /* TableDataSource.swift in Sources */,
				BB4FFBBC1E8832EF0053C51A /* SearchBar.swift in Sources */,
				BB5B6D451E874019008EE508 /* Label.swift in Sources */,
			);
			runOnlyForDeploymentPostprocessing = 0;
		};
/* End PBXSourcesBuildPhase section */

/* Begin PBXVariantGroup section */
		BB0868281D9FFF560044A23B /* Main.storyboard */ = {
			isa = PBXVariantGroup;
			children = (
				BB0868291D9FFF560044A23B /* Base */,
			);
			name = Main.storyboard;
			sourceTree = "<group>";
		};
		BB08682D1D9FFF560044A23B /* LaunchScreen.storyboard */ = {
			isa = PBXVariantGroup;
			children = (
				BB08682E1D9FFF560044A23B /* Base */,
			);
			name = LaunchScreen.storyboard;
			sourceTree = "<group>";
		};
/* End PBXVariantGroup section */

/* Begin XCBuildConfiguration section */
		BB0868311D9FFF560044A23B /* Debug */ = {
			isa = XCBuildConfiguration;
			buildSettings = {
				ALWAYS_SEARCH_USER_PATHS = NO;
				CLANG_ANALYZER_NONNULL = YES;
				CLANG_CXX_LANGUAGE_STANDARD = "gnu++0x";
				CLANG_CXX_LIBRARY = "libc++";
				CLANG_ENABLE_MODULES = YES;
				CLANG_ENABLE_OBJC_ARC = YES;
				CLANG_WARN_BOOL_CONVERSION = YES;
				CLANG_WARN_CONSTANT_CONVERSION = YES;
				CLANG_WARN_DIRECT_OBJC_ISA_USAGE = YES_ERROR;
				CLANG_WARN_DOCUMENTATION_COMMENTS = YES;
				CLANG_WARN_EMPTY_BODY = YES;
				CLANG_WARN_ENUM_CONVERSION = YES;
				CLANG_WARN_INFINITE_RECURSION = YES;
				CLANG_WARN_INT_CONVERSION = YES;
				CLANG_WARN_OBJC_ROOT_CLASS = YES_ERROR;
				CLANG_WARN_SUSPICIOUS_MOVE = YES;
				CLANG_WARN_SUSPICIOUS_MOVES = YES;
				CLANG_WARN_UNREACHABLE_CODE = YES;
				CLANG_WARN__DUPLICATE_METHOD_MATCH = YES;
				"CODE_SIGN_IDENTITY[sdk=iphoneos*]" = "iPhone Developer";
				COPY_PHASE_STRIP = NO;
				DEBUG_INFORMATION_FORMAT = dwarf;
				ENABLE_STRICT_OBJC_MSGSEND = YES;
				ENABLE_TESTABILITY = YES;
				GCC_C_LANGUAGE_STANDARD = gnu99;
				GCC_DYNAMIC_NO_PIC = NO;
				GCC_NO_COMMON_BLOCKS = YES;
				GCC_OPTIMIZATION_LEVEL = 0;
				GCC_PREPROCESSOR_DEFINITIONS = (
					"DEBUG=1",
					"$(inherited)",
				);
				GCC_WARN_64_TO_32_BIT_CONVERSION = YES;
				GCC_WARN_ABOUT_RETURN_TYPE = YES_ERROR;
				GCC_WARN_UNDECLARED_SELECTOR = YES;
				GCC_WARN_UNINITIALIZED_AUTOS = YES_AGGRESSIVE;
				GCC_WARN_UNUSED_FUNCTION = YES;
				GCC_WARN_UNUSED_VARIABLE = YES;
				IPHONEOS_DEPLOYMENT_TARGET = 10.0;
				MTL_ENABLE_DEBUG_INFO = YES;
				ONLY_ACTIVE_ARCH = YES;
				SDKROOT = iphoneos;
				SWIFT_ACTIVE_COMPILATION_CONDITIONS = DEBUG;
				SWIFT_OPTIMIZATION_LEVEL = "-Onone";
			};
			name = Debug;
		};
		BB0868321D9FFF560044A23B /* Release */ = {
			isa = XCBuildConfiguration;
			buildSettings = {
				ALWAYS_SEARCH_USER_PATHS = NO;
				CLANG_ANALYZER_NONNULL = YES;
				CLANG_CXX_LANGUAGE_STANDARD = "gnu++0x";
				CLANG_CXX_LIBRARY = "libc++";
				CLANG_ENABLE_MODULES = YES;
				CLANG_ENABLE_OBJC_ARC = YES;
				CLANG_WARN_BOOL_CONVERSION = YES;
				CLANG_WARN_CONSTANT_CONVERSION = YES;
				CLANG_WARN_DIRECT_OBJC_ISA_USAGE = YES_ERROR;
				CLANG_WARN_DOCUMENTATION_COMMENTS = YES;
				CLANG_WARN_EMPTY_BODY = YES;
				CLANG_WARN_ENUM_CONVERSION = YES;
				CLANG_WARN_INFINITE_RECURSION = YES;
				CLANG_WARN_INT_CONVERSION = YES;
				CLANG_WARN_OBJC_ROOT_CLASS = YES_ERROR;
				CLANG_WARN_SUSPICIOUS_MOVE = YES;
				CLANG_WARN_SUSPICIOUS_MOVES = YES;
				CLANG_WARN_UNREACHABLE_CODE = YES;
				CLANG_WARN__DUPLICATE_METHOD_MATCH = YES;
				"CODE_SIGN_IDENTITY[sdk=iphoneos*]" = "iPhone Developer";
				COPY_PHASE_STRIP = NO;
				DEBUG_INFORMATION_FORMAT = "dwarf-with-dsym";
				ENABLE_NS_ASSERTIONS = NO;
				ENABLE_STRICT_OBJC_MSGSEND = YES;
				GCC_C_LANGUAGE_STANDARD = gnu99;
				GCC_NO_COMMON_BLOCKS = YES;
				GCC_WARN_64_TO_32_BIT_CONVERSION = YES;
				GCC_WARN_ABOUT_RETURN_TYPE = YES_ERROR;
				GCC_WARN_UNDECLARED_SELECTOR = YES;
				GCC_WARN_UNINITIALIZED_AUTOS = YES_AGGRESSIVE;
				GCC_WARN_UNUSED_FUNCTION = YES;
				GCC_WARN_UNUSED_VARIABLE = YES;
				IPHONEOS_DEPLOYMENT_TARGET = 10.0;
				MTL_ENABLE_DEBUG_INFO = NO;
				SDKROOT = iphoneos;
				SWIFT_OPTIMIZATION_LEVEL = "-Owholemodule";
				VALIDATE_PRODUCT = YES;
			};
			name = Release;
		};
		BB0868341D9FFF560044A23B /* Debug */ = {
			isa = XCBuildConfiguration;
			buildSettings = {
				ALWAYS_EMBED_SWIFT_STANDARD_LIBRARIES = YES;
				ASSETCATALOG_COMPILER_APPICON_NAME = AppIcon;
				DEVELOPMENT_TEAM = B3ZKJZUE9E;
				FRAMEWORK_SEARCH_PATHS = (
					"$(inherited)",
					"$(PROJECT_DIR)/Carthage/Build/iOS",
				);
				INFOPLIST_FILE = RealmSample/Info.plist;
				LD_RUNPATH_SEARCH_PATHS = "$(inherited) @executable_path/Frameworks";
				PRODUCT_BUNDLE_IDENTIFIER = com.dbank.RealmSample;
				PRODUCT_NAME = "$(TARGET_NAME)";
				SWIFT_VERSION = 3.0;
			};
			name = Debug;
		};
		BB0868351D9FFF560044A23B /* Release */ = {
			isa = XCBuildConfiguration;
			buildSettings = {
				ALWAYS_EMBED_SWIFT_STANDARD_LIBRARIES = YES;
				ASSETCATALOG_COMPILER_APPICON_NAME = AppIcon;
				DEVELOPMENT_TEAM = B3ZKJZUE9E;
				FRAMEWORK_SEARCH_PATHS = (
					"$(inherited)",
					"$(PROJECT_DIR)/Carthage/Build/iOS",
				);
				INFOPLIST_FILE = RealmSample/Info.plist;
				LD_RUNPATH_SEARCH_PATHS = "$(inherited) @executable_path/Frameworks";
				PRODUCT_BUNDLE_IDENTIFIER = com.dbank.RealmSample;
				PRODUCT_NAME = "$(TARGET_NAME)";
				SWIFT_VERSION = 3.0;
			};
			name = Release;
		};
/* End XCBuildConfiguration section */

/* Begin XCConfigurationList section */
		BB08681C1D9FFF560044A23B /* Build configuration list for PBXProject "RealmSample" */ = {
			isa = XCConfigurationList;
			buildConfigurations = (
				BB0868311D9FFF560044A23B /* Debug */,
				BB0868321D9FFF560044A23B /* Release */,
			);
			defaultConfigurationIsVisible = 0;
			defaultConfigurationName = Release;
		};
		BB0868331D9FFF560044A23B /* Build configuration list for PBXNativeTarget "RealmSample" */ = {
			isa = XCConfigurationList;
			buildConfigurations = (
				BB0868341D9FFF560044A23B /* Debug */,
				BB0868351D9FFF560044A23B /* Release */,
			);
			defaultConfigurationIsVisible = 0;
			defaultConfigurationName = Release;
		};
/* End XCConfigurationList section */
	};
	rootObject = BB0868191D9FFF560044A23B /* Project object */;
}
